
Microsoft Visual Studio Solution File, Format Version 12.00
# Visual Studio Version 17
VisualStudioVersion = 17.7.34202.233
MinimumVisualStudioVersion = 10.0.40219.1
Project("{9A19103F-16F7-4668-BE54-9A1E7A4F7556}") = "BankingApp", "BankingApp.csproj", "{609FBAFB-C801-4431-A337-BE45BC303D2A}"
EndProject
Project("{9A19103F-16F7-4668-BE54-9A1E7A4F7556}") = "Bank.Models", "..\BANK.MODELS\Bank.Models.csproj", "{BD529B69-C5E5-4B93-B2A6-D3F55685151E}"
EndProject
Project("{9A19103F-16F7-4668-BE54-9A1E7A4F7556}") = "Bank.Data", "..\Bank.Data\Bank.Data.csproj", "{C0A73832-EB78-45BF-8374-EFD0C9AD75A1}"
EndProject
Project("{9A19103F-16F7-4668-BE54-9A1E7A4F7556}") = "Bank.Logic", "..\Bank.Logic\Bank.Logic.csproj", "{7D8D3833-2211-44A0-AD29-9ED49A79A2D9}"
EndProject
Project("{FAE04EC0-301F-11D3-BF4B-00C04F79EFBC}") = "Bank.Commons", "..\Bank.Commons\Bank.Commons.csproj", "{3482BB32-BC49-4AC2-96F3-CF1C2DE0CE91}"
EndProject
Global
	GlobalSection(SolutionConfigurationPlatforms) = preSolution
		Debug|Any CPU = Debug|Any CPU
		Release|Any CPU = Release|Any CPU
	EndGlobalSection
	GlobalSection(ProjectConfigurationPlatforms) = postSolution
		{609FBAFB-C801-4431-A337-BE45BC303D2A}.Debug|Any CPU.ActiveCfg = Debug|Any CPU
		{609FBAFB-C801-4431-A337-BE45BC303D2A}.Debug|Any CPU.Build.0 = Debug|Any CPU
		{609FBAFB-C801-4431-A337-BE45BC303D2A}.Release|Any CPU.ActiveCfg = Release|Any CPU
		{609FBAFB-C801-4431-A337-BE45BC303D2A}.Release|Any CPU.Build.0 = Release|Any CPU
		{BD529B69-C5E5-4B93-B2A6-D3F55685151E}.Debug|Any CPU.ActiveCfg = Debug|Any CPU
		{BD529B69-C5E5-4B93-B2A6-D3F55685151E}.Debug|Any CPU.Build.0 = Debug|Any CPU
		{BD529B69-C5E5-4B93-B2A6-D3F55685151E}.Release|Any CPU.ActiveCfg = Release|Any CPU
		{BD529B69-C5E5-4B93-B2A6-D3F55685151E}.Release|Any CPU.Build.0 = Release|Any CPU
		{C0A73832-EB78-45BF-8374-EFD0C9AD75A1}.Debug|Any CPU.ActiveCfg = Debug|Any CPU
		{C0A73832-EB78-45BF-8374-EFD0C9AD75A1}.Debug|Any CPU.Build.0 = Debug|Any CPU
		{C0A73832-EB78-45BF-8374-EFD0C9AD75A1}.Release|Any CPU.ActiveCfg = Release|Any CPU
		{C0A73832-EB78-45BF-8374-EFD0C9AD75A1}.Release|Any CPU.Build.0 = Release|Any CPU
		{7D8D3833-2211-44A0-AD29-9ED49A79A2D9}.Debug|Any CPU.ActiveCfg = Debug|Any CPU
		{7D8D3833-2211-44A0-AD29-9ED49A79A2D9}.Debug|Any CPU.Build.0 = Debug|Any CPU
		{7D8D3833-2211-44A0-AD29-9ED49A79A2D9}.Release|Any CPU.ActiveCfg = Release|Any CPU
		{7D8D3833-2211-44A0-AD29-9ED49A79A2D9}.Release|Any CPU.Build.0 = Release|Any CPU
		{3482BB32-BC49-4AC2-96F3-CF1C2DE0CE91}.Debug|Any CPU.ActiveCfg = Debug|Any CPU
		{3482BB32-BC49-4AC2-96F3-CF1C2DE0CE91}.Debug|Any CPU.Build.0 = Debug|Any CPU
		{3482BB32-BC49-4AC2-96F3-CF1C2DE0CE91}.Release|Any CPU.ActiveCfg = Release|Any CPU
		{3482BB32-BC49-4AC2-96F3-CF1C2DE0CE91}.Release|Any CPU.Build.0 = Release|Any CPU
	EndGlobalSection
	GlobalSection(SolutionProperties) = preSolution
		HideSolutionNode = FALSE
	EndGlobalSection
	GlobalSection(ExtensibilityGlobals) = postSolution
		SolutionGuid = {F7E0B81C-B33B-40F9-8601-069A5C3EA4EF}
	EndGlobalSection
EndGlobal
